
Microsoft Visual Studio Solution File, Format Version 12.00
# Visual Studio Version 16
VisualStudioVersion = 16.0.31321.278
MinimumVisualStudioVersion = 10.0.40219.1
Project("{9A19103F-16F7-4668-BE54-9A1E7A4F7556}") = "VDownload", "VDownload.csproj", "{AC4CBBA2-1BAB-48F8-8342-B711B437E829}"
EndProject
Global
	GlobalSection(SolutionConfigurationPlatforms) = preSolution
		Debug|Any CPU = Debug|Any CPU
		Release|Any CPU = Release|Any CPU
	EndGlobalSection
	GlobalSection(ProjectConfigurationPlatforms) = postSolution
		{AC4CBBA2-1BAB-48F8-8342-B711B437E829}.Debug|Any CPU.ActiveCfg = Release|Any CPU
		{AC4CBBA2-1BAB-48F8-8342-B711B437E829}.Debug|Any CPU.Build.0 = Release|Any CPU
		{AC4CBBA2-1BAB-48F8-8342-B711B437E829}.Release|Any CPU.ActiveCfg = Debug|Any CPU
		{AC4CBBA2-1BAB-48F8-8342-B711B437E829}.Release|Any CPU.Build.0 = Debug|Any CPU
	EndGlobalSection
	GlobalSection(SolutionProperties) = preSolution
		HideSolutionNode = FALSE
	EndGlobalSection
	GlobalSection(ExtensibilityGlobals) = postSolution
		SolutionGuid = {D64CC1A8-6F65-4EFB-B2E3-D558D4830AEC}
	EndGlobalSection
EndGlobal
